// !$*UTF8*$!
{
	archiveVersion = 1;
	classes = {
	};
	objectVersion = 56;
	objects = {

/* Begin PBXBuildFile section */
		C84916AA29DDB39F00CC7E22 /* MemoDetailViewController.swift in Sources */ = {isa = PBXBuildFile; fileRef = C84916A829DDB39F00CC7E22 /* MemoDetailViewController.swift */; };
		C84916AB29DDB39F00CC7E22 /* MemoDetailViewController.xib in Resources */ = {isa = PBXBuildFile; fileRef = C84916A929DDB39F00CC7E22 /* MemoDetailViewController.xib */; };
		C8AE031E29DC2AB40018D64C /* MemoDataModel.swift in Sources */ = {isa = PBXBuildFile; fileRef = C8AE031D29DC2AB40018D64C /* MemoDataModel.swift */; };
		C8DA05DD29DC0E26001E7DC5 /* AppDelegate.swift in Sources */ = {isa = PBXBuildFile; fileRef = C8DA05DC29DC0E26001E7DC5 /* AppDelegate.swift */; };
		C8DA05DF29DC0E26001E7DC5 /* SceneDelegate.swift in Sources */ = {isa = PBXBuildFile; fileRef = C8DA05DE29DC0E26001E7DC5 /* SceneDelegate.swift */; };
		C8DA05E629DC0E28001E7DC5 /* Assets.xcassets in Resources */ = {isa = PBXBuildFile; fileRef = C8DA05E529DC0E28001E7DC5 /* Assets.xcassets */; };
		C8DA05E929DC0E28001E7DC5 /* LaunchScreen.storyboard in Resources */ = {isa = PBXBuildFile; fileRef = C8DA05E729DC0E28001E7DC5 /* LaunchScreen.storyboard */; };
		C8DA05F429DC0E29001E7DC5 /* __shoppingAppTests.swift in Sources */ = {isa = PBXBuildFile; fileRef = C8DA05F329DC0E29001E7DC5 /* __shoppingAppTests.swift */; };
		C8DA05FE29DC0E29001E7DC5 /* __shoppingAppUITests.swift in Sources */ = {isa = PBXBuildFile; fileRef = C8DA05FD29DC0E29001E7DC5 /* __shoppingAppUITests.swift */; };
		C8DA060029DC0E29001E7DC5 /* __shoppingAppUITestsLaunchTests.swift in Sources */ = {isa = PBXBuildFile; fileRef = C8DA05FF29DC0E29001E7DC5 /* __shoppingAppUITestsLaunchTests.swift */; };
		C8F7DE9329DC106200FDF452 /* HomeViewController.swift in Sources */ = {isa = PBXBuildFile; fileRef = C8F7DE9129DC106200FDF452 /* HomeViewController.swift */; };
		C8F7DE9429DC106200FDF452 /* HomeViewController.xib in Resources */ = {isa = PBXBuildFile; fileRef = C8F7DE9229DC106200FDF452 /* HomeViewController.xib */; };
/* End PBXBuildFile section */

/* Begin PBXContainerItemProxy section */
		C8DA05F029DC0E29001E7DC5 /* PBXContainerItemProxy */ = {
			isa = PBXContainerItemProxy;
			containerPortal = C8DA05D129DC0E26001E7DC5 /* Project object */;
			proxyType = 1;
			remoteGlobalIDString = C8DA05D829DC0E26001E7DC5;
			remoteInfo = "領収shoppingApp";
		};
		C8DA05FA29DC0E29001E7DC5 /* PBXContainerItemProxy */ = {
			isa = PBXContainerItemProxy;
			containerPortal = C8DA05D129DC0E26001E7DC5 /* Project object */;
			proxyType = 1;
			remoteGlobalIDString = C8DA05D829DC0E26001E7DC5;
			remoteInfo = "領収shoppingApp";
		};
/* End PBXContainerItemProxy section */

/* Begin PBXFileReference section */
		C84916A829DDB39F00CC7E22 /* MemoDetailViewController.swift */ = {isa = PBXFileReference; lastKnownFileType = sourcecode.swift; path = MemoDetailViewController.swift; sourceTree = "<group>"; };
		C84916A929DDB39F00CC7E22 /* MemoDetailViewController.xib */ = {isa = PBXFileReference; lastKnownFileType = file.xib; path = MemoDetailViewController.xib; sourceTree = "<group>"; };
		C8AE031D29DC2AB40018D64C /* MemoDataModel.swift */ = {isa = PBXFileReference; lastKnownFileType = sourcecode.swift; path = MemoDataModel.swift; sourceTree = "<group>"; };
		C8DA05D929DC0E26001E7DC5 /* 領収shoppingApp.app */ = {isa = PBXFileReference; explicitFileType = wrapper.application; includeInIndex = 0; path = "領収shoppingApp.app"; sourceTree = BUILT_PRODUCTS_DIR; };
		C8DA05DC29DC0E26001E7DC5 /* AppDelegate.swift */ = {isa = PBXFileReference; lastKnownFileType = sourcecode.swift; path = AppDelegate.swift; sourceTree = "<group>"; };
		C8DA05DE29DC0E26001E7DC5 /* SceneDelegate.swift */ = {isa = PBXFileReference; lastKnownFileType = sourcecode.swift; path = SceneDelegate.swift; sourceTree = "<group>"; };
		C8DA05E529DC0E28001E7DC5 /* Assets.xcassets */ = {isa = PBXFileReference; lastKnownFileType = folder.assetcatalog; path = Assets.xcassets; sourceTree = "<group>"; };
		C8DA05E829DC0E28001E7DC5 /* Base */ = {isa = PBXFileReference; lastKnownFileType = file.storyboard; name = Base; path = Base.lproj/LaunchScreen.storyboard; sourceTree = "<group>"; };
		C8DA05EA29DC0E28001E7DC5 /* Info.plist */ = {isa = PBXFileReference; lastKnownFileType = text.plist.xml; path = Info.plist; sourceTree = "<group>"; };
		C8DA05EF29DC0E29001E7DC5 /* 領収shoppingAppTests.xctest */ = {isa = PBXFileReference; explicitFileType = wrapper.cfbundle; includeInIndex = 0; path = "領収shoppingAppTests.xctest"; sourceTree = BUILT_PRODUCTS_DIR; };
		C8DA05F329DC0E29001E7DC5 /* __shoppingAppTests.swift */ = {isa = PBXFileReference; lastKnownFileType = sourcecode.swift; path = __shoppingAppTests.swift; sourceTree = "<group>"; };
		C8DA05F929DC0E29001E7DC5 /* 領収shoppingAppUITests.xctest */ = {isa = PBXFileReference; explicitFileType = wrapper.cfbundle; includeInIndex = 0; path = "領収shoppingAppUITests.xctest"; sourceTree = BUILT_PRODUCTS_DIR; };
		C8DA05FD29DC0E29001E7DC5 /* __shoppingAppUITests.swift */ = {isa = PBXFileReference; lastKnownFileType = sourcecode.swift; path = __shoppingAppUITests.swift; sourceTree = "<group>"; };
		C8DA05FF29DC0E29001E7DC5 /* __shoppingAppUITestsLaunchTests.swift */ = {isa = PBXFileReference; lastKnownFileType = sourcecode.swift; path = __shoppingAppUITestsLaunchTests.swift; sourceTree = "<group>"; };
		C8F7DE9129DC106200FDF452 /* HomeViewController.swift */ = {isa = PBXFileReference; lastKnownFileType = sourcecode.swift; path = HomeViewController.swift; sourceTree = "<group>"; };
		C8F7DE9229DC106200FDF452 /* HomeViewController.xib */ = {isa = PBXFileReference; lastKnownFileType = file.xib; path = HomeViewController.xib; sourceTree = "<group>"; };
/* End PBXFileReference section */

/* Begin PBXFrameworksBuildPhase section */
		C8DA05D629DC0E26001E7DC5 /* Frameworks */ = {
			isa = PBXFrameworksBuildPhase;
			buildActionMask = 2147483647;
			files = (
			);
			runOnlyForDeploymentPostprocessing = 0;
		};
		C8DA05EC29DC0E29001E7DC5 /* Frameworks */ = {
			isa = PBXFrameworksBuildPhase;
			buildActionMask = 2147483647;
			files = (
			);
			runOnlyForDeploymentPostprocessing = 0;
		};
		C8DA05F629DC0E29001E7DC5 /* Frameworks */ = {
			isa = PBXFrameworksBuildPhase;
			buildActionMask = 2147483647;
			files = (
			);
			runOnlyForDeploymentPostprocessing = 0;
		};
/* End PBXFrameworksBuildPhase section */

/* Begin PBXGroup section */
		C8DA05D029DC0E26001E7DC5 = {
			isa = PBXGroup;
			children = (
				C8DA05DB29DC0E26001E7DC5 /* 領収shoppingApp */,
				C8DA05F229DC0E29001E7DC5 /* 領収shoppingAppTests */,
				C8DA05FC29DC0E29001E7DC5 /* 領収shoppingAppUITests */,
				C8DA05DA29DC0E26001E7DC5 /* Products */,
			);
			sourceTree = "<group>";
		};
		C8DA05DA29DC0E26001E7DC5 /* Products */ = {
			isa = PBXGroup;
			children = (
				C8DA05D929DC0E26001E7DC5 /* 領収shoppingApp.app */,
				C8DA05EF29DC0E29001E7DC5 /* 領収shoppingAppTests.xctest */,
				C8DA05F929DC0E29001E7DC5 /* 領収shoppingAppUITests.xctest */,
			);
			name = Products;
			sourceTree = "<group>";
		};
		C8DA05DB29DC0E26001E7DC5 /* 領収shoppingApp */ = {
			isa = PBXGroup;
			children = (
				C8DA05DC29DC0E26001E7DC5 /* AppDelegate.swift */,
				C8DA05DE29DC0E26001E7DC5 /* SceneDelegate.swift */,
				C8F7DE9129DC106200FDF452 /* HomeViewController.swift */,
				C8F7DE9229DC106200FDF452 /* HomeViewController.xib */,
				C8AE031D29DC2AB40018D64C /* MemoDataModel.swift */,
				C84916A829DDB39F00CC7E22 /* MemoDetailViewController.swift */,
				C84916A929DDB39F00CC7E22 /* MemoDetailViewController.xib */,
				C8DA05E529DC0E28001E7DC5 /* Assets.xcassets */,
				C8DA05E729DC0E28001E7DC5 /* LaunchScreen.storyboard */,
				C8DA05EA29DC0E28001E7DC5 /* Info.plist */,
			);
			path = "領収shoppingApp";
			sourceTree = "<group>";
		};
		C8DA05F229DC0E29001E7DC5 /* 領収shoppingAppTests */ = {
			isa = PBXGroup;
			children = (
				C8DA05F329DC0E29001E7DC5 /* __shoppingAppTests.swift */,
			);
			path = "領収shoppingAppTests";
			sourceTree = "<group>";
		};
		C8DA05FC29DC0E29001E7DC5 /* 領収shoppingAppUITests */ = {
			isa = PBXGroup;
			children = (
				C8DA05FD29DC0E29001E7DC5 /* __shoppingAppUITests.swift */,
				C8DA05FF29DC0E29001E7DC5 /* __shoppingAppUITestsLaunchTests.swift */,
			);
			path = "領収shoppingAppUITests";
			sourceTree = "<group>";
		};
/* End PBXGroup section */

/* Begin PBXNativeTarget section */
		C8DA05D829DC0E26001E7DC5 /* 領収shoppingApp */ = {
			isa = PBXNativeTarget;
			buildConfigurationList = C8DA060329DC0E29001E7DC5 /* Build configuration list for PBXNativeTarget "領収shoppingApp" */;
			buildPhases = (
				C8DA05D529DC0E26001E7DC5 /* Sources */,
				C8DA05D629DC0E26001E7DC5 /* Frameworks */,
				C8DA05D729DC0E26001E7DC5 /* Resources */,
			);
			buildRules = (
			);
			dependencies = (
			);
			name = "領収shoppingApp";
			productName = "領収shoppingApp";
			productReference = C8DA05D929DC0E26001E7DC5 /* 領収shoppingApp.app */;
			productType = "com.apple.product-type.application";
		};
		C8DA05EE29DC0E29001E7DC5 /* 領収shoppingAppTests */ = {
			isa = PBXNativeTarget;
			buildConfigurationList = C8DA060629DC0E29001E7DC5 /* Build configuration list for PBXNativeTarget "領収shoppingAppTests" */;
			buildPhases = (
				C8DA05EB29DC0E29001E7DC5 /* Sources */,
				C8DA05EC29DC0E29001E7DC5 /* Frameworks */,
				C8DA05ED29DC0E29001E7DC5 /* Resources */,
			);
			buildRules = (
			);
			dependencies = (
				C8DA05F129DC0E29001E7DC5 /* PBXTargetDependency */,
			);
			name = "領収shoppingAppTests";
			productName = "領収shoppingAppTests";
			productReference = C8DA05EF29DC0E29001E7DC5 /* 領収shoppingAppTests.xctest */;
			productType = "com.apple.product-type.bundle.unit-test";
		};
		C8DA05F829DC0E29001E7DC5 /* 領収shoppingAppUITests */ = {
			isa = PBXNativeTarget;
			buildConfigurationList = C8DA060929DC0E29001E7DC5 /* Build configuration list for PBXNativeTarget "領収shoppingAppUITests" */;
			buildPhases = (
				C8DA05F529DC0E29001E7DC5 /* Sources */,
				C8DA05F629DC0E29001E7DC5 /* Frameworks */,
				C8DA05F729DC0E29001E7DC5 /* Resources */,
			);
			buildRules = (
			);
			dependencies = (
				C8DA05FB29DC0E29001E7DC5 /* PBXTargetDependency */,
			);
			name = "領収shoppingAppUITests";
			productName = "領収shoppingAppUITests";
			productReference = C8DA05F929DC0E29001E7DC5 /* 領収shoppingAppUITests.xctest */;
			productType = "com.apple.product-type.bundle.ui-testing";
		};
/* End PBXNativeTarget section */

/* Begin PBXProject section */
		C8DA05D129DC0E26001E7DC5 /* Project object */ = {
			isa = PBXProject;
			attributes = {
				BuildIndependentTargetsInParallel = 1;
				LastSwiftUpdateCheck = 1430;
				LastUpgradeCheck = 1430;
				TargetAttributes = {
					C8DA05D829DC0E26001E7DC5 = {
						CreatedOnToolsVersion = 14.3;
					};
					C8DA05EE29DC0E29001E7DC5 = {
						CreatedOnToolsVersion = 14.3;
						TestTargetID = C8DA05D829DC0E26001E7DC5;
					};
					C8DA05F829DC0E29001E7DC5 = {
						CreatedOnToolsVersion = 14.3;
						TestTargetID = C8DA05D829DC0E26001E7DC5;
					};
				};
			};
			buildConfigurationList = C8DA05D429DC0E26001E7DC5 /* Build configuration list for PBXProject "領収shoppingApp" */;
			compatibilityVersion = "Xcode 14.0";
			developmentRegion = en;
			hasScannedForEncodings = 0;
			knownRegions = (
				en,
				Base,
			);
			mainGroup = C8DA05D029DC0E26001E7DC5;
			productRefGroup = C8DA05DA29DC0E26001E7DC5 /* Products */;
			projectDirPath = "";
			projectRoot = "";
			targets = (
				C8DA05D829DC0E26001E7DC5 /* 領収shoppingApp */,
				C8DA05EE29DC0E29001E7DC5 /* 領収shoppingAppTests */,
				C8DA05F829DC0E29001E7DC5 /* 領収shoppingAppUITests */,
			);
		};
/* End PBXProject section */

/* Begin PBXResourcesBuildPhase section */
		C8DA05D729DC0E26001E7DC5 /* Resources */ = {
			isa = PBXResourcesBuildPhase;
			buildActionMask = 2147483647;
			files = (
				C8DA05E929DC0E28001E7DC5 /* LaunchScreen.storyboard in Resources */,
				C84916AB29DDB39F00CC7E22 /* MemoDetailViewController.xib in Resources */,
				C8DA05E629DC0E28001E7DC5 /* Assets.xcassets in Resources */,
				C8F7DE9429DC106200FDF452 /* HomeViewController.xib in Resources */,
			);
			runOnlyForDeploymentPostprocessing = 0;
		};
		C8DA05ED29DC0E29001E7DC5 /* Resources */ = {
			isa = PBXResourcesBuildPhase;
			buildActionMask = 2147483647;
			files = (
			);
			runOnlyForDeploymentPostprocessing = 0;
		};
		C8DA05F729DC0E29001E7DC5 /* Resources */ = {
			isa = PBXResourcesBuildPhase;
			buildActionMask = 2147483647;
			files = (
			);
			runOnlyForDeploymentPostprocessing = 0;
		};
/* End PBXResourcesBuildPhase section */

/* Begin PBXSourcesBuildPhase section */
		C8DA05D529DC0E26001E7DC5 /* Sources */ = {
			isa = PBXSourcesBuildPhase;
			buildActionMask = 2147483647;
			files = (
				C84916AA29DDB39F00CC7E22 /* MemoDetailViewController.swift in Sources */,
				C8DA05DD29DC0E26001E7DC5 /* AppDelegate.swift in Sources */,
				C8DA05DF29DC0E26001E7DC5 /* SceneDelegate.swift in Sources */,
				C8F7DE9329DC106200FDF452 /* HomeViewController.swift in Sources */,
				C8AE031E29DC2AB40018D64C /* MemoDataModel.swift in Sources */,
			);
			runOnlyForDeploymentPostprocessing = 0;
		};
		C8DA05EB29DC0E29001E7DC5 /* Sources */ = {
			isa = PBXSourcesBuildPhase;
			buildActionMask = 2147483647;
			files = (
				C8DA05F429DC0E29001E7DC5 /* __shoppingAppTests.swift in Sources */,
			);
			runOnlyForDeploymentPostprocessing = 0;
		};
		C8DA05F529DC0E29001E7DC5 /* Sources */ = {
			isa = PBXSourcesBuildPhase;
			buildActionMask = 2147483647;
			files = (
				C8DA060029DC0E29001E7DC5 /* __shoppingAppUITestsLaunchTests.swift in Sources */,
				C8DA05FE29DC0E29001E7DC5 /* __shoppingAppUITests.swift in Sources */,
			);
			runOnlyForDeploymentPostprocessing = 0;
		};
/* End PBXSourcesBuildPhase section */

/* Begin PBXTargetDependency section */
		C8DA05F129DC0E29001E7DC5 /* PBXTargetDependency */ = {
			isa = PBXTargetDependency;
			target = C8DA05D829DC0E26001E7DC5 /* 領収shoppingApp */;
			targetProxy = C8DA05F029DC0E29001E7DC5 /* PBXContainerItemProxy */;
		};
		C8DA05FB29DC0E29001E7DC5 /* PBXTargetDependency */ = {
			isa = PBXTargetDependency;
			target = C8DA05D829DC0E26001E7DC5 /* 領収shoppingApp */;
			targetProxy = C8DA05FA29DC0E29001E7DC5 /* PBXContainerItemProxy */;
		};
/* End PBXTargetDependency section */

/* Begin PBXVariantGroup section */
		C8DA05E729DC0E28001E7DC5 /* LaunchScreen.storyboard */ = {
			isa = PBXVariantGroup;
			children = (
				C8DA05E829DC0E28001E7DC5 /* Base */,
			);
			name = LaunchScreen.storyboard;
			sourceTree = "<group>";
		};
/* End PBXVariantGroup section */

/* Begin XCBuildConfiguration section */
		C8DA060129DC0E29001E7DC5 /* Debug */ = {
			isa = XCBuildConfiguration;
			buildSettings = {
				ALWAYS_SEARCH_USER_PATHS = NO;
				CLANG_ANALYZER_NONNULL = YES;
				CLANG_ANALYZER_NUMBER_OBJECT_CONVERSION = YES_AGGRESSIVE;
				CLANG_CXX_LANGUAGE_STANDARD = "gnu++20";
				CLANG_ENABLE_MODULES = YES;
				CLANG_ENABLE_OBJC_ARC = YES;
				CLANG_ENABLE_OBJC_WEAK = YES;
				CLANG_WARN_BLOCK_CAPTURE_AUTORELEASING = YES;
				CLANG_WARN_BOOL_CONVERSION = YES;
				CLANG_WARN_COMMA = YES;
				CLANG_WARN_CONSTANT_CONVERSION = YES;
				CLANG_WARN_DEPRECATED_OBJC_IMPLEMENTATIONS = YES;
				CLANG_WARN_DIRECT_OBJC_ISA_USAGE = YES_ERROR;
				CLANG_WARN_DOCUMENTATION_COMMENTS = YES;
				CLANG_WARN_EMPTY_BODY = YES;
				CLANG_WARN_ENUM_CONVERSION = YES;
				CLANG_WARN_INFINITE_RECURSION = YES;
				CLANG_WARN_INT_CONVERSION = YES;
				CLANG_WARN_NON_LITERAL_NULL_CONVERSION = YES;
				CLANG_WARN_OBJC_IMPLICIT_RETAIN_SELF = YES;
				CLANG_WARN_OBJC_LITERAL_CONVERSION = YES;
				CLANG_WARN_OBJC_ROOT_CLASS = YES_ERROR;
				CLANG_WARN_QUOTED_INCLUDE_IN_FRAMEWORK_HEADER = YES;
				CLANG_WARN_RANGE_LOOP_ANALYSIS = YES;
				CLANG_WARN_STRICT_PROTOTYPES = YES;
				CLANG_WARN_SUSPICIOUS_MOVE = YES;
				CLANG_WARN_UNGUARDED_AVAILABILITY = YES_AGGRESSIVE;
				CLANG_WARN_UNREACHABLE_CODE = YES;
				CLANG_WARN__DUPLICATE_METHOD_MATCH = YES;
				COPY_PHASE_STRIP = NO;
				DEBUG_INFORMATION_FORMAT = dwarf;
				ENABLE_STRICT_OBJC_MSGSEND = YES;
				ENABLE_TESTABILITY = YES;
				GCC_C_LANGUAGE_STANDARD = gnu11;
				GCC_DYNAMIC_NO_PIC = NO;
				GCC_NO_COMMON_BLOCKS = YES;
				GCC_OPTIMIZATION_LEVEL = 0;
				GCC_PREPROCESSOR_DEFINITIONS = (
					"DEBUG=1",
					"$(inherited)",
				);
				GCC_WARN_64_TO_32_BIT_CONVERSION = YES;
				GCC_WARN_ABOUT_RETURN_TYPE = YES_ERROR;
				GCC_WARN_UNDECLARED_SELECTOR = YES;
				GCC_WARN_UNINITIALIZED_AUTOS = YES_AGGRESSIVE;
				GCC_WARN_UNUSED_FUNCTION = YES;
				GCC_WARN_UNUSED_VARIABLE = YES;
				IPHONEOS_DEPLOYMENT_TARGET = 16.4;
				MTL_ENABLE_DEBUG_INFO = INCLUDE_SOURCE;
				MTL_FAST_MATH = YES;
				ONLY_ACTIVE_ARCH = YES;
				SDKROOT = iphoneos;
				SWIFT_ACTIVE_COMPILATION_CONDITIONS = DEBUG;
				SWIFT_OPTIMIZATION_LEVEL = "-Onone";
			};
			name = Debug;
		};
		C8DA060229DC0E29001E7DC5 /* Release */ = {
			isa = XCBuildConfiguration;
			buildSettings = {
				ALWAYS_SEARCH_USER_PATHS = NO;
				CLANG_ANALYZER_NONNULL = YES;
				CLANG_ANALYZER_NUMBER_OBJECT_CONVERSION = YES_AGGRESSIVE;
				CLANG_CXX_LANGUAGE_STANDARD = "gnu++20";
				CLANG_ENABLE_MODULES = YES;
				CLANG_ENABLE_OBJC_ARC = YES;
				CLANG_ENABLE_OBJC_WEAK = YES;
				CLANG_WARN_BLOCK_CAPTURE_AUTORELEASING = YES;
				CLANG_WARN_BOOL_CONVERSION = YES;
				CLANG_WARN_COMMA = YES;
				CLANG_WARN_CONSTANT_CONVERSION = YES;
				CLANG_WARN_DEPRECATED_OBJC_IMPLEMENTATIONS = YES;
				CLANG_WARN_DIRECT_OBJC_ISA_USAGE = YES_ERROR;
				CLANG_WARN_DOCUMENTATION_COMMENTS = YES;
				CLANG_WARN_EMPTY_BODY = YES;
				CLANG_WARN_ENUM_CONVERSION = YES;
				CLANG_WARN_INFINITE_RECURSION = YES;
				CLANG_WARN_INT_CONVERSION = YES;
				CLANG_WARN_NON_LITERAL_NULL_CONVERSION = YES;
				CLANG_WARN_OBJC_IMPLICIT_RETAIN_SELF = YES;
				CLANG_WARN_OBJC_LITERAL_CONVERSION = YES;
				CLANG_WARN_OBJC_ROOT_CLASS = YES_ERROR;
				CLANG_WARN_QUOTED_INCLUDE_IN_FRAMEWORK_HEADER = YES;
				CLANG_WARN_RANGE_LOOP_ANALYSIS = YES;
				CLANG_WARN_STRICT_PROTOTYPES = YES;
				CLANG_WARN_SUSPICIOUS_MOVE = YES;
				CLANG_WARN_UNGUARDED_AVAILABILITY = YES_AGGRESSIVE;
				CLANG_WARN_UNREACHABLE_CODE = YES;
				CLANG_WARN__DUPLICATE_METHOD_MATCH = YES;
				COPY_PHASE_STRIP = NO;
				DEBUG_INFORMATION_FORMAT = "dwarf-with-dsym";
				ENABLE_NS_ASSERTIONS = NO;
				ENABLE_STRICT_OBJC_MSGSEND = YES;
				GCC_C_LANGUAGE_STANDARD = gnu11;
				GCC_NO_COMMON_BLOCKS = YES;
				GCC_WARN_64_TO_32_BIT_CONVERSION = YES;
				GCC_WARN_ABOUT_RETURN_TYPE = YES_ERROR;
				GCC_WARN_UNDECLARED_SELECTOR = YES;
				GCC_WARN_UNINITIALIZED_AUTOS = YES_AGGRESSIVE;
				GCC_WARN_UNUSED_FUNCTION = YES;
				GCC_WARN_UNUSED_VARIABLE = YES;
				IPHONEOS_DEPLOYMENT_TARGET = 16.4;
				MTL_ENABLE_DEBUG_INFO = NO;
				MTL_FAST_MATH = YES;
				SDKROOT = iphoneos;
				SWIFT_COMPILATION_MODE = wholemodule;
				SWIFT_OPTIMIZATION_LEVEL = "-O";
				VALIDATE_PRODUCT = YES;
			};
			name = Release;
		};
		C8DA060429DC0E29001E7DC5 /* Debug */ = {
			isa = XCBuildConfiguration;
			buildSettings = {
				ASSETCATALOG_COMPILER_APPICON_NAME = AppIcon;
				ASSETCATALOG_COMPILER_GLOBAL_ACCENT_COLOR_NAME = AccentColor;
				CODE_SIGN_STYLE = Automatic;
				CURRENT_PROJECT_VERSION = 1;
				DEVELOPMENT_TEAM = A576YFG6SP;
				GENERATE_INFOPLIST_FILE = YES;
				INFOPLIST_FILE = "領収shoppingApp/Info.plist";
				INFOPLIST_KEY_CFBundleDisplayName = "";
				INFOPLIST_KEY_UIApplicationSupportsIndirectInputEvents = YES;
				INFOPLIST_KEY_UILaunchStoryboardName = LaunchScreen;
				INFOPLIST_KEY_UISupportedInterfaceOrientations_iPad = "UIInterfaceOrientationPortrait UIInterfaceOrientationPortraitUpsideDown UIInterfaceOrientationLandscapeLeft UIInterfaceOrientationLandscapeRight";
				INFOPLIST_KEY_UISupportedInterfaceOrientations_iPhone = "UIInterfaceOrientationPortrait UIInterfaceOrientationLandscapeLeft UIInterfaceOrientationLandscapeRight";
				LD_RUNPATH_SEARCH_PATHS = (
					"$(inherited)",
					"@executable_path/Frameworks",
				);
				MARKETING_VERSION = 1.0;
				PRODUCT_BUNDLE_IDENTIFIER = "com.oshige.dev.--shoppingApp";
				PRODUCT_NAME = "$(TARGET_NAME)";
				SWIFT_EMIT_LOC_STRINGS = YES;
				SWIFT_VERSION = 5.0;
				TARGETED_DEVICE_FAMILY = "1,2";
			};
			name = Debug;
		};
		C8DA060529DC0E29001E7DC5 /* Release */ = {
			isa = XCBuildConfiguration;
			buildSettings = {
				ASSETCATALOG_COMPILER_APPICON_NAME = AppIcon;
				ASSETCATALOG_COMPILER_GLOBAL_ACCENT_COLOR_NAME = AccentColor;
				CODE_SIGN_STYLE = Automatic;
				CURRENT_PROJECT_VERSION = 1;
				DEVELOPMENT_TEAM = A576YFG6SP;
				GENERATE_INFOPLIST_FILE = YES;
				INFOPLIST_FILE = "領収shoppingApp/Info.plist";
				INFOPLIST_KEY_CFBundleDisplayName = "";
				INFOPLIST_KEY_UIApplicationSupportsIndirectInputEvents = YES;
				INFOPLIST_KEY_UILaunchStoryboardName = LaunchScreen;
				INFOPLIST_KEY_UISupportedInterfaceOrientations_iPad = "UIInterfaceOrientationPortrait UIInterfaceOrientationPortraitUpsideDown UIInterfaceOrientationLandscapeLeft UIInterfaceOrientationLandscapeRight";
				INFOPLIST_KEY_UISupportedInterfaceOrientations_iPhone = "UIInterfaceOrientationPortrait UIInterfaceOrientationLandscapeLeft UIInterfaceOrientationLandscapeRight";
				LD_RUNPATH_SEARCH_PATHS = (
					"$(inherited)",
					"@executable_path/Frameworks",
				);
				MARKETING_VERSION = 1.0;
				PRODUCT_BUNDLE_IDENTIFIER = "com.oshige.dev.--shoppingApp";
				PRODUCT_NAME = "$(TARGET_NAME)";
				SWIFT_EMIT_LOC_STRINGS = YES;
				SWIFT_VERSION = 5.0;
				TARGETED_DEVICE_FAMILY = "1,2";
			};
			name = Release;
		};
		C8DA060729DC0E29001E7DC5 /* Debug */ = {
			isa = XCBuildConfiguration;
			buildSettings = {
				ALWAYS_EMBED_SWIFT_STANDARD_LIBRARIES = YES;
				BUNDLE_LOADER = "$(TEST_HOST)";
				CODE_SIGN_STYLE = Automatic;
				CURRENT_PROJECT_VERSION = 1;
				DEVELOPMENT_TEAM = A576YFG6SP;
				GENERATE_INFOPLIST_FILE = YES;
				IPHONEOS_DEPLOYMENT_TARGET = 16.4;
				MARKETING_VERSION = 1.0;
				PRODUCT_BUNDLE_IDENTIFIER = "com.oshige.dev.--shoppingAppTests";
				PRODUCT_NAME = "$(TARGET_NAME)";
				SWIFT_EMIT_LOC_STRINGS = NO;
				SWIFT_VERSION = 5.0;
				TARGETED_DEVICE_FAMILY = "1,2";
				TEST_HOST = "$(BUILT_PRODUCTS_DIR)/領収shoppingApp.app/$(BUNDLE_EXECUTABLE_FOLDER_PATH)/領収shoppingApp";
			};
			name = Debug;
		};
		C8DA060829DC0E29001E7DC5 /* Release */ = {
			isa = XCBuildConfiguration;
			buildSettings = {
				ALWAYS_EMBED_SWIFT_STANDARD_LIBRARIES = YES;
				BUNDLE_LOADER = "$(TEST_HOST)";
				CODE_SIGN_STYLE = Automatic;
				CURRENT_PROJECT_VERSION = 1;
				DEVELOPMENT_TEAM = A576YFG6SP;
				GENERATE_INFOPLIST_FILE = YES;
				IPHONEOS_DEPLOYMENT_TARGET = 16.4;
				MARKETING_VERSION = 1.0;
				PRODUCT_BUNDLE_IDENTIFIER = "com.oshige.dev.--shoppingAppTests";
				PRODUCT_NAME = "$(TARGET_NAME)";
				SWIFT_EMIT_LOC_STRINGS = NO;
				SWIFT_VERSION = 5.0;
				TARGETED_DEVICE_FAMILY = "1,2";
				TEST_HOST = "$(BUILT_PRODUCTS_DIR)/領収shoppingApp.app/$(BUNDLE_EXECUTABLE_FOLDER_PATH)/領収shoppingApp";
			};
			name = Release;
		};
		C8DA060A29DC0E29001E7DC5 /* Debug */ = {
			isa = XCBuildConfiguration;
			buildSettings = {
				ALWAYS_EMBED_SWIFT_STANDARD_LIBRARIES = YES;
				CODE_SIGN_STYLE = Automatic;
				CURRENT_PROJECT_VERSION = 1;
				DEVELOPMENT_TEAM = A576YFG6SP;
				GENERATE_INFOPLIST_FILE = YES;
				MARKETING_VERSION = 1.0;
				PRODUCT_BUNDLE_IDENTIFIER = "com.oshige.dev.--shoppingAppUITests";
				PRODUCT_NAME = "$(TARGET_NAME)";
				SWIFT_EMIT_LOC_STRINGS = NO;
				SWIFT_VERSION = 5.0;
				TARGETED_DEVICE_FAMILY = "1,2";
				TEST_TARGET_NAME = "領収shoppingApp";
			};
			name = Debug;
		};
		C8DA060B29DC0E29001E7DC5 /* Release */ = {
			isa = XCBuildConfiguration;
			buildSettings = {
				ALWAYS_EMBED_SWIFT_STANDARD_LIBRARIES = YES;
				CODE_SIGN_STYLE = Automatic;
				CURRENT_PROJECT_VERSION = 1;
				DEVELOPMENT_TEAM = A576YFG6SP;
				GENERATE_INFOPLIST_FILE = YES;
				MARKETING_VERSION = 1.0;
				PRODUCT_BUNDLE_IDENTIFIER = "com.oshige.dev.--shoppingAppUITests";
				PRODUCT_NAME = "$(TARGET_NAME)";
				SWIFT_EMIT_LOC_STRINGS = NO;
				SWIFT_VERSION = 5.0;
				TARGETED_DEVICE_FAMILY = "1,2";
				TEST_TARGET_NAME = "領収shoppingApp";
			};
			name = Release;
		};
/* End XCBuildConfiguration section */

/* Begin XCConfigurationList section */
		C8DA05D429DC0E26001E7DC5 /* Build configuration list for PBXProject "領収shoppingApp" */ = {
			isa = XCConfigurationList;
			buildConfigurations = (
				C8DA060129DC0E29001E7DC5 /* Debug */,
				C8DA060229DC0E29001E7DC5 /* Release */,
			);
			defaultConfigurationIsVisible = 0;
			defaultConfigurationName = Release;
		};
		C8DA060329DC0E29001E7DC5 /* Build configuration list for PBXNativeTarget "領収shoppingApp" */ = {
			isa = XCConfigurationList;
			buildConfigurations = (
				C8DA060429DC0E29001E7DC5 /* Debug */,
				C8DA060529DC0E29001E7DC5 /* Release */,
			);
			defaultConfigurationIsVisible = 0;
			defaultConfigurationName = Release;
		};
		C8DA060629DC0E29001E7DC5 /* Build configuration list for PBXNativeTarget "領収shoppingAppTests" */ = {
			isa = XCConfigurationList;
			buildConfigurations = (
				C8DA060729DC0E29001E7DC5 /* Debug */,
				C8DA060829DC0E29001E7DC5 /* Release */,
			);
			defaultConfigurationIsVisible = 0;
			defaultConfigurationName = Release;
		};
		C8DA060929DC0E29001E7DC5 /* Build configuration list for PBXNativeTarget "領収shoppingAppUITests" */ = {
			isa = XCConfigurationList;
			buildConfigurations = (
				C8DA060A29DC0E29001E7DC5 /* Debug */,
				C8DA060B29DC0E29001E7DC5 /* Release */,
			);
			defaultConfigurationIsVisible = 0;
			defaultConfigurationName = Release;
		};
/* End XCConfigurationList section */
	};
	rootObject = C8DA05D129DC0E26001E7DC5 /* Project object */;
}
